// !$*UTF8*$!
{
	archiveVersion = 1;
	classes = {
	};
	objectVersion = 48;
	objects = {

/* Begin PBXBuildFile section */
		CEC186FB207638D2008E791C /* AppDelegate.swift in Sources */ = {isa = PBXBuildFile; fileRef = CEC186FA207638D2008E791C /* AppDelegate.swift */; };
		CEC186FD207638D2008E791C /* MasterMVCViewController.swift in Sources */ = {isa = PBXBuildFile; fileRef = CEC186FC207638D2008E791C /* MasterMVCViewController.swift */; };
		CEC18700207638D2008E791C /* MasterMVC.storyboard in Resources */ = {isa = PBXBuildFile; fileRef = CEC186FE207638D2008E791C /* MasterMVC.storyboard */; };
		CEC18702207638D2008E791C /* Assets.xcassets in Resources */ = {isa = PBXBuildFile; fileRef = CEC18701207638D2008E791C /* Assets.xcassets */; };
		CEC18705207638D2008E791C /* LaunchScreen.storyboard in Resources */ = {isa = PBXBuildFile; fileRef = CEC18703207638D2008E791C /* LaunchScreen.storyboard */; };
		CEC18719207639CA008E791C /* ArchitectureRouting.storyboard in Resources */ = {isa = PBXBuildFile; fileRef = CEC18718207639CA008E791C /* ArchitectureRouting.storyboard */; };
		CEC1871E20763AAD008E791C /* InloopContactsWorker.swift in Sources */ = {isa = PBXBuildFile; fileRef = CEC1871D20763AAD008E791C /* InloopContactsWorker.swift */; };
		CEC1872120763B16008E791C /* InloopContact.swift in Sources */ = {isa = PBXBuildFile; fileRef = CEC1872020763B16008E791C /* InloopContact.swift */; };
		CEC1872420764099008E791C /* UIViewController+Alert.swift in Sources */ = {isa = PBXBuildFile; fileRef = CEC1872320764099008E791C /* UIViewController+Alert.swift */; };
		CEC18726207646E7008E791C /* DetailMVCViewController.swift in Sources */ = {isa = PBXBuildFile; fileRef = CEC18725207646E7008E791C /* DetailMVCViewController.swift */; };
		CEC18728207647D5008E791C /* DetailMVC.storyboard in Resources */ = {isa = PBXBuildFile; fileRef = CEC18727207647D5008E791C /* DetailMVC.storyboard */; };
		CEC1872C207649F1008E791C /* MasterMVVM.storyboard in Resources */ = {isa = PBXBuildFile; fileRef = CEC1872B207649F1008E791C /* MasterMVVM.storyboard */; };
		CEC1872F20764A16008E791C /* MasterViewModel.swift in Sources */ = {isa = PBXBuildFile; fileRef = CEC1872E20764A16008E791C /* MasterViewModel.swift */; };
		CEC1873120764AD6008E791C /* MasterMVVMViewController.swift in Sources */ = {isa = PBXBuildFile; fileRef = CEC1873020764AD6008E791C /* MasterMVVMViewController.swift */; };
		CEC18734207651D1008E791C /* DetailViewModel.swift in Sources */ = {isa = PBXBuildFile; fileRef = CEC18733207651D1008E791C /* DetailViewModel.swift */; };
		CEC1873620765228008E791C /* DetailMVVMViewController.swift in Sources */ = {isa = PBXBuildFile; fileRef = CEC1873520765228008E791C /* DetailMVVMViewController.swift */; };
		CEC187382076526C008E791C /* DetailMVVM.storyboard in Resources */ = {isa = PBXBuildFile; fileRef = CEC187372076526C008E791C /* DetailMVVM.storyboard */; };
		CEC18741207654D5008E791C /* MasterVIPPresenter.swift in Sources */ = {isa = PBXBuildFile; fileRef = CEC1873B207654D5008E791C /* MasterVIPPresenter.swift */; };
		CEC18743207654D5008E791C /* MasterVIPRouter.swift in Sources */ = {isa = PBXBuildFile; fileRef = CEC1873D207654D5008E791C /* MasterVIPRouter.swift */; };
		CEC18744207654D5008E791C /* MasterVIPModels.swift in Sources */ = {isa = PBXBuildFile; fileRef = CEC1873E207654D5008E791C /* MasterVIPModels.swift */; };
		CEC18745207654D5008E791C /* MasterVIPViewController.swift in Sources */ = {isa = PBXBuildFile; fileRef = CEC1873F207654D5008E791C /* MasterVIPViewController.swift */; };
		CEC18746207654D5008E791C /* MasterVIPInteractor.swift in Sources */ = {isa = PBXBuildFile; fileRef = CEC18740207654D5008E791C /* MasterVIPInteractor.swift */; };
		CEC1874820765AD5008E791C /* MasterVIP.storyboard in Resources */ = {isa = PBXBuildFile; fileRef = CEC1874720765AD5008E791C /* MasterVIP.storyboard */; };
		CEC1875020765ECF008E791C /* DetailVIPPresenter.swift in Sources */ = {isa = PBXBuildFile; fileRef = CEC1874A20765ECF008E791C /* DetailVIPPresenter.swift */; };
		CEC1875320765ECF008E791C /* DetailVIPModels.swift in Sources */ = {isa = PBXBuildFile; fileRef = CEC1874D20765ECF008E791C /* DetailVIPModels.swift */; };
		CEC1875420765ECF008E791C /* DetailVIPViewController.swift in Sources */ = {isa = PBXBuildFile; fileRef = CEC1874E20765ECF008E791C /* DetailVIPViewController.swift */; };
		CEC1875520765ECF008E791C /* DetailVIPInteractor.swift in Sources */ = {isa = PBXBuildFile; fileRef = CEC1874F20765ECF008E791C /* DetailVIPInteractor.swift */; };
		CEC1875720769DC2008E791C /* DetailVIP.storyboard in Resources */ = {isa = PBXBuildFile; fileRef = CEC1875620769DC2008E791C /* DetailVIP.storyboard */; };
/* End PBXBuildFile section */

/* Begin PBXFileReference section */
		CEC186F7207638D2008E791C /* FlawlessNavigation.app */ = {isa = PBXFileReference; explicitFileType = wrapper.application; includeInIndex = 0; path = FlawlessNavigation.app; sourceTree = BUILT_PRODUCTS_DIR; };
		CEC186FA207638D2008E791C /* AppDelegate.swift */ = {isa = PBXFileReference; lastKnownFileType = sourcecode.swift; path = AppDelegate.swift; sourceTree = "<group>"; };
		CEC186FC207638D2008E791C /* MasterMVCViewController.swift */ = {isa = PBXFileReference; lastKnownFileType = sourcecode.swift; path = MasterMVCViewController.swift; sourceTree = "<group>"; };
		CEC186FF207638D2008E791C /* Base */ = {isa = PBXFileReference; lastKnownFileType = file.storyboard; name = Base; path = Base.lproj/MasterMVC.storyboard; sourceTree = "<group>"; };
		CEC18701207638D2008E791C /* Assets.xcassets */ = {isa = PBXFileReference; lastKnownFileType = folder.assetcatalog; path = Assets.xcassets; sourceTree = "<group>"; };
		CEC18704207638D2008E791C /* Base */ = {isa = PBXFileReference; lastKnownFileType = file.storyboard; name = Base; path = Base.lproj/LaunchScreen.storyboard; sourceTree = "<group>"; };
		CEC18706207638D2008E791C /* Info.plist */ = {isa = PBXFileReference; lastKnownFileType = text.plist.xml; path = Info.plist; sourceTree = "<group>"; };
		CEC18718207639CA008E791C /* ArchitectureRouting.storyboard */ = {isa = PBXFileReference; lastKnownFileType = file.storyboard; path = ArchitectureRouting.storyboard; sourceTree = "<group>"; };
		CEC1871D20763AAD008E791C /* InloopContactsWorker.swift */ = {isa = PBXFileReference; lastKnownFileType = sourcecode.swift; path = InloopContactsWorker.swift; sourceTree = "<group>"; };
		CEC1872020763B16008E791C /* InloopContact.swift */ = {isa = PBXFileReference; lastKnownFileType = sourcecode.swift; path = InloopContact.swift; sourceTree = "<group>"; };
		CEC1872320764099008E791C /* UIViewController+Alert.swift */ = {isa = PBXFileReference; lastKnownFileType = sourcecode.swift; path = "UIViewController+Alert.swift"; sourceTree = "<group>"; };
		CEC18725207646E7008E791C /* DetailMVCViewController.swift */ = {isa = PBXFileReference; lastKnownFileType = sourcecode.swift; path = DetailMVCViewController.swift; sourceTree = "<group>"; };
		CEC18727207647D5008E791C /* DetailMVC.storyboard */ = {isa = PBXFileReference; lastKnownFileType = file.storyboard; path = DetailMVC.storyboard; sourceTree = "<group>"; };
		CEC1872B207649F1008E791C /* MasterMVVM.storyboard */ = {isa = PBXFileReference; lastKnownFileType = file.storyboard; path = MasterMVVM.storyboard; sourceTree = "<group>"; };
		CEC1872E20764A16008E791C /* MasterViewModel.swift */ = {isa = PBXFileReference; lastKnownFileType = sourcecode.swift; path = MasterViewModel.swift; sourceTree = "<group>"; };
		CEC1873020764AD6008E791C /* MasterMVVMViewController.swift */ = {isa = PBXFileReference; lastKnownFileType = sourcecode.swift; path = MasterMVVMViewController.swift; sourceTree = "<group>"; };
		CEC18733207651D1008E791C /* DetailViewModel.swift */ = {isa = PBXFileReference; lastKnownFileType = sourcecode.swift; path = DetailViewModel.swift; sourceTree = "<group>"; };
		CEC1873520765228008E791C /* DetailMVVMViewController.swift */ = {isa = PBXFileReference; lastKnownFileType = sourcecode.swift; path = DetailMVVMViewController.swift; sourceTree = "<group>"; };
		CEC187372076526C008E791C /* DetailMVVM.storyboard */ = {isa = PBXFileReference; lastKnownFileType = file.storyboard; path = DetailMVVM.storyboard; sourceTree = "<group>"; };
		CEC1873B207654D5008E791C /* MasterVIPPresenter.swift */ = {isa = PBXFileReference; lastKnownFileType = sourcecode.swift; path = MasterVIPPresenter.swift; sourceTree = "<group>"; };
		CEC1873D207654D5008E791C /* MasterVIPRouter.swift */ = {isa = PBXFileReference; lastKnownFileType = sourcecode.swift; path = MasterVIPRouter.swift; sourceTree = "<group>"; };
		CEC1873E207654D5008E791C /* MasterVIPModels.swift */ = {isa = PBXFileReference; lastKnownFileType = sourcecode.swift; path = MasterVIPModels.swift; sourceTree = "<group>"; };
		CEC1873F207654D5008E791C /* MasterVIPViewController.swift */ = {isa = PBXFileReference; lastKnownFileType = sourcecode.swift; path = MasterVIPViewController.swift; sourceTree = "<group>"; };
		CEC18740207654D5008E791C /* MasterVIPInteractor.swift */ = {isa = PBXFileReference; lastKnownFileType = sourcecode.swift; path = MasterVIPInteractor.swift; sourceTree = "<group>"; };
		CEC1874720765AD5008E791C /* MasterVIP.storyboard */ = {isa = PBXFileReference; lastKnownFileType = file.storyboard; path = MasterVIP.storyboard; sourceTree = "<group>"; };
		CEC1874920765BB8008E791C /* README.md */ = {isa = PBXFileReference; lastKnownFileType = net.daringfireball.markdown; path = README.md; sourceTree = SOURCE_ROOT; };
		CEC1874A20765ECF008E791C /* DetailVIPPresenter.swift */ = {isa = PBXFileReference; lastKnownFileType = sourcecode.swift; path = DetailVIPPresenter.swift; sourceTree = "<group>"; };
		CEC1874D20765ECF008E791C /* DetailVIPModels.swift */ = {isa = PBXFileReference; lastKnownFileType = sourcecode.swift; path = DetailVIPModels.swift; sourceTree = "<group>"; };
		CEC1874E20765ECF008E791C /* DetailVIPViewController.swift */ = {isa = PBXFileReference; lastKnownFileType = sourcecode.swift; path = DetailVIPViewController.swift; sourceTree = "<group>"; };
		CEC1874F20765ECF008E791C /* DetailVIPInteractor.swift */ = {isa = PBXFileReference; lastKnownFileType = sourcecode.swift; path = DetailVIPInteractor.swift; sourceTree = "<group>"; };
		CEC1875620769DC2008E791C /* DetailVIP.storyboard */ = {isa = PBXFileReference; lastKnownFileType = file.storyboard; path = DetailVIP.storyboard; sourceTree = "<group>"; };
/* End PBXFileReference section */

/* Begin PBXFrameworksBuildPhase section */
		CEC186F4207638D2008E791C /* Frameworks */ = {
			isa = PBXFrameworksBuildPhase;
			buildActionMask = 2147483647;
			files = (
			);
			runOnlyForDeploymentPostprocessing = 0;
		};
/* End PBXFrameworksBuildPhase section */

/* Begin PBXGroup section */
		CEC186EE207638D2008E791C = {
			isa = PBXGroup;
			children = (
				CEC186F9207638D2008E791C /* FlawlessNavigation */,
				CEC186F8207638D2008E791C /* Products */,
			);
			sourceTree = "<group>";
		};
		CEC186F8207638D2008E791C /* Products */ = {
			isa = PBXGroup;
			children = (
				CEC186F7207638D2008E791C /* FlawlessNavigation.app */,
			);
			name = Products;
			sourceTree = "<group>";
		};
		CEC186F9207638D2008E791C /* FlawlessNavigation */ = {
			isa = PBXGroup;
			children = (
				CEC1874920765BB8008E791C /* README.md */,
				CEC1871120763904008E791C /* Resources */,
				CEC1870C207638D8008E791C /* Sources */,
				CEC187122076390E008E791C /* SupportingFiles */,
			);
			path = FlawlessNavigation;
			sourceTree = "<group>";
		};
		CEC1870C207638D8008E791C /* Sources */ = {
			isa = PBXGroup;
			children = (
				CEC186FA207638D2008E791C /* AppDelegate.swift */,
				CEC187222076407E008E791C /* Extensions */,
				CEC1870D207638DE008E791C /* Scenes */,
			);
			path = Sources;
			sourceTree = "<group>";
		};
		CEC1870D207638DE008E791C /* Scenes */ = {
			isa = PBXGroup;
			children = (
				CEC187152076395C008E791C /* ArchitectureTypeSelection */,
				CEC18710207638F1008E791C /* VIP */,
				CEC1870F207638EB008E791C /* MVVM */,
				CEC1870E207638E7008E791C /* MVC */,
			);
			path = Scenes;
			sourceTree = "<group>";
		};
		CEC1870E207638E7008E791C /* MVC */ = {
			isa = PBXGroup;
			children = (
				CEC1871B207639DE008E791C /* Detail */,
				CEC1871A207639D8008E791C /* Master */,
			);
			path = MVC;
			sourceTree = "<group>";
		};
		CEC1870F207638EB008E791C /* MVVM */ = {
			isa = PBXGroup;
			children = (
				CEC1872A207649D4008E791C /* Detail */,
				CEC18729207649CB008E791C /* Master */,
			);
			path = MVVM;
			sourceTree = "<group>";
		};
		CEC18710207638F1008E791C /* VIP */ = {
			isa = PBXGroup;
			children = (
				CEC1873A207654BE008E791C /* Detail */,
				CEC18739207654B8008E791C /* Master */,
			);
			path = VIP;
			sourceTree = "<group>";
		};
		CEC1871120763904008E791C /* Resources */ = {
			isa = PBXGroup;
			children = (
				CEC18701207638D2008E791C /* Assets.xcassets */,
			);
			path = Resources;
			sourceTree = "<group>";
		};
		CEC187122076390E008E791C /* SupportingFiles */ = {
			isa = PBXGroup;
			children = (
				CEC18703207638D2008E791C /* LaunchScreen.storyboard */,
				CEC18706207638D2008E791C /* Info.plist */,
			);
			path = SupportingFiles;
			sourceTree = "<group>";
		};
		CEC187152076395C008E791C /* ArchitectureTypeSelection */ = {
			isa = PBXGroup;
			children = (
				CEC1871F20763B05008E791C /* DataModel */,
				CEC1871C20763A98008E791C /* Workers */,
				CEC18718207639CA008E791C /* ArchitectureRouting.storyboard */,
			);
			path = ArchitectureTypeSelection;
			sourceTree = "<group>";
		};
		CEC1871A207639D8008E791C /* Master */ = {
			isa = PBXGroup;
			children = (
				CEC186FC207638D2008E791C /* MasterMVCViewController.swift */,
				CEC186FE207638D2008E791C /* MasterMVC.storyboard */,
			);
			path = Master;
			sourceTree = "<group>";
		};
		CEC1871B207639DE008E791C /* Detail */ = {
			isa = PBXGroup;
			children = (
				CEC18725207646E7008E791C /* DetailMVCViewController.swift */,
				CEC18727207647D5008E791C /* DetailMVC.storyboard */,
			);
			path = Detail;
			sourceTree = "<group>";
		};
		CEC1871C20763A98008E791C /* Workers */ = {
			isa = PBXGroup;
			children = (
				CEC1871D20763AAD008E791C /* InloopContactsWorker.swift */,
			);
			path = Workers;
			sourceTree = "<group>";
		};
		CEC1871F20763B05008E791C /* DataModel */ = {
			isa = PBXGroup;
			children = (
				CEC1872020763B16008E791C /* InloopContact.swift */,
			);
			path = DataModel;
			sourceTree = "<group>";
		};
		CEC187222076407E008E791C /* Extensions */ = {
			isa = PBXGroup;
			children = (
				CEC1872320764099008E791C /* UIViewController+Alert.swift */,
			);
			path = Extensions;
			sourceTree = "<group>";
		};
		CEC18729207649CB008E791C /* Master */ = {
			isa = PBXGroup;
			children = (
				CEC1872D20764A09008E791C /* ViewModel */,
				CEC1873020764AD6008E791C /* MasterMVVMViewController.swift */,
				CEC1872B207649F1008E791C /* MasterMVVM.storyboard */,
			);
			path = Master;
			sourceTree = "<group>";
		};
		CEC1872A207649D4008E791C /* Detail */ = {
			isa = PBXGroup;
			children = (
				CEC18732207651C5008E791C /* ViewModel */,
				CEC1873520765228008E791C /* DetailMVVMViewController.swift */,
				CEC187372076526C008E791C /* DetailMVVM.storyboard */,
			);
			path = Detail;
			sourceTree = "<group>";
		};
		CEC1872D20764A09008E791C /* ViewModel */ = {
			isa = PBXGroup;
			children = (
				CEC1872E20764A16008E791C /* MasterViewModel.swift */,
			);
			path = ViewModel;
			sourceTree = "<group>";
		};
		CEC18732207651C5008E791C /* ViewModel */ = {
			isa = PBXGroup;
			children = (
				CEC18733207651D1008E791C /* DetailViewModel.swift */,
			);
			path = ViewModel;
			sourceTree = "<group>";
		};
		CEC18739207654B8008E791C /* Master */ = {
			isa = PBXGroup;
			children = (
				CEC1873B207654D5008E791C /* MasterVIPPresenter.swift */,
				CEC1873D207654D5008E791C /* MasterVIPRouter.swift */,
				CEC1873E207654D5008E791C /* MasterVIPModels.swift */,
				CEC1873F207654D5008E791C /* MasterVIPViewController.swift */,
				CEC18740207654D5008E791C /* MasterVIPInteractor.swift */,
				CEC1874720765AD5008E791C /* MasterVIP.storyboard */,
			);
			path = Master;
			sourceTree = "<group>";
		};
		CEC1873A207654BE008E791C /* Detail */ = {
			isa = PBXGroup;
			children = (
				CEC1874A20765ECF008E791C /* DetailVIPPresenter.swift */,
				CEC1874D20765ECF008E791C /* DetailVIPModels.swift */,
				CEC1874E20765ECF008E791C /* DetailVIPViewController.swift */,
				CEC1874F20765ECF008E791C /* DetailVIPInteractor.swift */,
				CEC1875620769DC2008E791C /* DetailVIP.storyboard */,
			);
			path = Detail;
			sourceTree = "<group>";
		};
/* End PBXGroup section */

/* Begin PBXNativeTarget section */
		CEC186F6207638D2008E791C /* FlawlessNavigation */ = {
			isa = PBXNativeTarget;
			buildConfigurationList = CEC18709207638D2008E791C /* Build configuration list for PBXNativeTarget "FlawlessNavigation" */;
			buildPhases = (
				CEC186F3207638D2008E791C /* Sources */,
				CEC186F4207638D2008E791C /* Frameworks */,
				CEC186F5207638D2008E791C /* Resources */,
			);
			buildRules = (
			);
			dependencies = (
			);
			name = FlawlessNavigation;
			productName = FlawlessNavigation;
			productReference = CEC186F7207638D2008E791C /* FlawlessNavigation.app */;
			productType = "com.apple.product-type.application";
		};
/* End PBXNativeTarget section */

/* Begin PBXProject section */
		CEC186EF207638D2008E791C /* Project object */ = {
			isa = PBXProject;
			attributes = {
				LastSwiftUpdateCheck = 0920;
				LastUpgradeCheck = 0920;
				ORGANIZATIONNAME = Inloop;
				TargetAttributes = {
					CEC186F6207638D2008E791C = {
						CreatedOnToolsVersion = 9.2;
						ProvisioningStyle = Automatic;
					};
				};
			};
			buildConfigurationList = CEC186F2207638D2008E791C /* Build configuration list for PBXProject "FlawlessNavigation" */;
			compatibilityVersion = "Xcode 8.0";
			developmentRegion = en;
			hasScannedForEncodings = 0;
			knownRegions = (
				en,
				Base,
			);
			mainGroup = CEC186EE207638D2008E791C;
			productRefGroup = CEC186F8207638D2008E791C /* Products */;
			projectDirPath = "";
			projectRoot = "";
			targets = (
				CEC186F6207638D2008E791C /* FlawlessNavigation */,
			);
		};
/* End PBXProject section */

/* Begin PBXResourcesBuildPhase section */
		CEC186F5207638D2008E791C /* Resources */ = {
			isa = PBXResourcesBuildPhase;
			buildActionMask = 2147483647;
			files = (
				CEC1872C207649F1008E791C /* MasterMVVM.storyboard in Resources */,
				CEC18719207639CA008E791C /* ArchitectureRouting.storyboard in Resources */,
				CEC18728207647D5008E791C /* DetailMVC.storyboard in Resources */,
				CEC18705207638D2008E791C /* LaunchScreen.storyboard in Resources */,
				CEC18702207638D2008E791C /* Assets.xcassets in Resources */,
				CEC1875720769DC2008E791C /* DetailVIP.storyboard in Resources */,
				CEC187382076526C008E791C /* DetailMVVM.storyboard in Resources */,
				CEC1874820765AD5008E791C /* MasterVIP.storyboard in Resources */,
				CEC18700207638D2008E791C /* MasterMVC.storyboard in Resources */,
			);
			runOnlyForDeploymentPostprocessing = 0;
		};
/* End PBXResourcesBuildPhase section */

/* Begin PBXSourcesBuildPhase section */
		CEC186F3207638D2008E791C /* Sources */ = {
			isa = PBXSourcesBuildPhase;
			buildActionMask = 2147483647;
			files = (
				CEC1873620765228008E791C /* DetailMVVMViewController.swift in Sources */,
				CEC1872F20764A16008E791C /* MasterViewModel.swift in Sources */,
				CEC18745207654D5008E791C /* MasterVIPViewController.swift in Sources */,
				CEC1875320765ECF008E791C /* DetailVIPModels.swift in Sources */,
				CEC1875420765ECF008E791C /* DetailVIPViewController.swift in Sources */,
				CEC18726207646E7008E791C /* DetailMVCViewController.swift in Sources */,
				CEC186FD207638D2008E791C /* MasterMVCViewController.swift in Sources */,
				CEC18743207654D5008E791C /* MasterVIPRouter.swift in Sources */,
				CEC18734207651D1008E791C /* DetailViewModel.swift in Sources */,
				CEC186FB207638D2008E791C /* AppDelegate.swift in Sources */,
				CEC18746207654D5008E791C /* MasterVIPInteractor.swift in Sources */,
				CEC1872420764099008E791C /* UIViewController+Alert.swift in Sources */,
				CEC1871E20763AAD008E791C /* InloopContactsWorker.swift in Sources */,
				CEC1872120763B16008E791C /* InloopContact.swift in Sources */,
				CEC18744207654D5008E791C /* MasterVIPModels.swift in Sources */,
				CEC1875020765ECF008E791C /* DetailVIPPresenter.swift in Sources */,
				CEC18741207654D5008E791C /* MasterVIPPresenter.swift in Sources */,
				CEC1875520765ECF008E791C /* DetailVIPInteractor.swift in Sources */,
				CEC1873120764AD6008E791C /* MasterMVVMViewController.swift in Sources */,
			);
			runOnlyForDeploymentPostprocessing = 0;
		};
/* End PBXSourcesBuildPhase section */

/* Begin PBXVariantGroup section */
		CEC186FE207638D2008E791C /* MasterMVC.storyboard */ = {
			isa = PBXVariantGroup;
			children = (
				CEC186FF207638D2008E791C /* Base */,
			);
			name = MasterMVC.storyboard;
			sourceTree = "<group>";
		};
		CEC18703207638D2008E791C /* LaunchScreen.storyboard */ = {
			isa = PBXVariantGroup;
			children = (
				CEC18704207638D2008E791C /* Base */,
			);
			name = LaunchScreen.storyboard;
			sourceTree = "<group>";
		};
/* End PBXVariantGroup section */

/* Begin XCBuildConfiguration section */
		CEC18707207638D2008E791C /* Debug */ = {
			isa = XCBuildConfiguration;
			buildSettings = {
				ALWAYS_SEARCH_USER_PATHS = NO;
				CLANG_ANALYZER_NONNULL = YES;
				CLANG_ANALYZER_NUMBER_OBJECT_CONVERSION = YES_AGGRESSIVE;
				CLANG_CXX_LANGUAGE_STANDARD = "gnu++14";
				CLANG_CXX_LIBRARY = "libc++";
				CLANG_ENABLE_MODULES = YES;
				CLANG_ENABLE_OBJC_ARC = YES;
				CLANG_WARN_BLOCK_CAPTURE_AUTORELEASING = YES;
				CLANG_WARN_BOOL_CONVERSION = YES;
				CLANG_WARN_COMMA = YES;
				CLANG_WARN_CONSTANT_CONVERSION = YES;
				CLANG_WARN_DIRECT_OBJC_ISA_USAGE = YES_ERROR;
				CLANG_WARN_DOCUMENTATION_COMMENTS = YES;
				CLANG_WARN_EMPTY_BODY = YES;
				CLANG_WARN_ENUM_CONVERSION = YES;
				CLANG_WARN_INFINITE_RECURSION = YES;
				CLANG_WARN_INT_CONVERSION = YES;
				CLANG_WARN_NON_LITERAL_NULL_CONVERSION = YES;
				CLANG_WARN_OBJC_LITERAL_CONVERSION = YES;
				CLANG_WARN_OBJC_ROOT_CLASS = YES_ERROR;
				CLANG_WARN_RANGE_LOOP_ANALYSIS = YES;
				CLANG_WARN_STRICT_PROTOTYPES = YES;
				CLANG_WARN_SUSPICIOUS_MOVE = YES;
				CLANG_WARN_UNGUARDED_AVAILABILITY = YES_AGGRESSIVE;
				CLANG_WARN_UNREACHABLE_CODE = YES;
				CLANG_WARN__DUPLICATE_METHOD_MATCH = YES;
				CODE_SIGN_IDENTITY = "iPhone Developer";
				COPY_PHASE_STRIP = NO;
				DEBUG_INFORMATION_FORMAT = dwarf;
				ENABLE_STRICT_OBJC_MSGSEND = YES;
				ENABLE_TESTABILITY = YES;
				GCC_C_LANGUAGE_STANDARD = gnu11;
				GCC_DYNAMIC_NO_PIC = NO;
				GCC_NO_COMMON_BLOCKS = YES;
				GCC_OPTIMIZATION_LEVEL = 0;
				GCC_PREPROCESSOR_DEFINITIONS = (
					"DEBUG=1",
					"$(inherited)",
				);
				GCC_WARN_64_TO_32_BIT_CONVERSION = YES;
				GCC_WARN_ABOUT_RETURN_TYPE = YES_ERROR;
				GCC_WARN_UNDECLARED_SELECTOR = YES;
				GCC_WARN_UNINITIALIZED_AUTOS = YES_AGGRESSIVE;
				GCC_WARN_UNUSED_FUNCTION = YES;
				GCC_WARN_UNUSED_VARIABLE = YES;
				IPHONEOS_DEPLOYMENT_TARGET = 11.2;
				MTL_ENABLE_DEBUG_INFO = YES;
				ONLY_ACTIVE_ARCH = YES;
				SDKROOT = iphoneos;
				SWIFT_ACTIVE_COMPILATION_CONDITIONS = DEBUG;
				SWIFT_OPTIMIZATION_LEVEL = "-Onone";
			};
			name = Debug;
		};
		CEC18708207638D2008E791C /* Release */ = {
			isa = XCBuildConfiguration;
			buildSettings = {
				ALWAYS_SEARCH_USER_PATHS = NO;
				CLANG_ANALYZER_NONNULL = YES;
				CLANG_ANALYZER_NUMBER_OBJECT_CONVERSION = YES_AGGRESSIVE;
				CLANG_CXX_LANGUAGE_STANDARD = "gnu++14";
				CLANG_CXX_LIBRARY = "libc++";
				CLANG_ENABLE_MODULES = YES;
				CLANG_ENABLE_OBJC_ARC = YES;
				CLANG_WARN_BLOCK_CAPTURE_AUTORELEASING = YES;
				CLANG_WARN_BOOL_CONVERSION = YES;
				CLANG_WARN_COMMA = YES;
				CLANG_WARN_CONSTANT_CONVERSION = YES;
				CLANG_WARN_DIRECT_OBJC_ISA_USAGE = YES_ERROR;
				CLANG_WARN_DOCUMENTATION_COMMENTS = YES;
				CLANG_WARN_EMPTY_BODY = YES;
				CLANG_WARN_ENUM_CONVERSION = YES;
				CLANG_WARN_INFINITE_RECURSION = YES;
				CLANG_WARN_INT_CONVERSION = YES;
				CLANG_WARN_NON_LITERAL_NULL_CONVERSION = YES;
				CLANG_WARN_OBJC_LITERAL_CONVERSION = YES;
				CLANG_WARN_OBJC_ROOT_CLASS = YES_ERROR;
				CLANG_WARN_RANGE_LOOP_ANALYSIS = YES;
				CLANG_WARN_STRICT_PROTOTYPES = YES;
				CLANG_WARN_SUSPICIOUS_MOVE = YES;
				CLANG_WARN_UNGUARDED_AVAILABILITY = YES_AGGRESSIVE;
				CLANG_WARN_UNREACHABLE_CODE = YES;
				CLANG_WARN__DUPLICATE_METHOD_MATCH = YES;
				CODE_SIGN_IDENTITY = "iPhone Developer";
				COPY_PHASE_STRIP = NO;
				DEBUG_INFORMATION_FORMAT = "dwarf-with-dsym";
				ENABLE_NS_ASSERTIONS = NO;
				ENABLE_STRICT_OBJC_MSGSEND = YES;
				GCC_C_LANGUAGE_STANDARD = gnu11;
				GCC_NO_COMMON_BLOCKS = YES;
				GCC_WARN_64_TO_32_BIT_CONVERSION = YES;
				GCC_WARN_ABOUT_RETURN_TYPE = YES_ERROR;
				GCC_WARN_UNDECLARED_SELECTOR = YES;
				GCC_WARN_UNINITIALIZED_AUTOS = YES_AGGRESSIVE;
				GCC_WARN_UNUSED_FUNCTION = YES;
				GCC_WARN_UNUSED_VARIABLE = YES;
				IPHONEOS_DEPLOYMENT_TARGET = 11.2;
				MTL_ENABLE_DEBUG_INFO = NO;
				SDKROOT = iphoneos;
				SWIFT_OPTIMIZATION_LEVEL = "-Owholemodule";
				VALIDATE_PRODUCT = YES;
			};
			name = Release;
		};
		CEC1870A207638D2008E791C /* Debug */ = {
			isa = XCBuildConfiguration;
			buildSettings = {
				ASSETCATALOG_COMPILER_APPICON_NAME = AppIcon;
				CODE_SIGN_STYLE = Automatic;
				DEVELOPMENT_TEAM = 4369768AU4;
				INFOPLIST_FILE = "$(SRCROOT)/FlawlessNavigation/SupportingFiles/Info.plist";
				LD_RUNPATH_SEARCH_PATHS = "$(inherited) @executable_path/Frameworks";
				PRODUCT_BUNDLE_IDENTIFIER = eu.inloop.FlawlessNavigation;
				PRODUCT_NAME = "$(TARGET_NAME)";
				SWIFT_VERSION = 4.0;
				TARGETED_DEVICE_FAMILY = "1,2";
			};
			name = Debug;
		};
		CEC1870B207638D2008E791C /* Release */ = {
			isa = XCBuildConfiguration;
			buildSettings = {
				ASSETCATALOG_COMPILER_APPICON_NAME = AppIcon;
				CODE_SIGN_STYLE = Automatic;
				DEVELOPMENT_TEAM = 4369768AU4;
				INFOPLIST_FILE = "$(SRCROOT)/FlawlessNavigation/SupportingFiles/Info.plist";
				LD_RUNPATH_SEARCH_PATHS = "$(inherited) @executable_path/Frameworks";
				PRODUCT_BUNDLE_IDENTIFIER = eu.inloop.FlawlessNavigation;
				PRODUCT_NAME = "$(TARGET_NAME)";
				SWIFT_VERSION = 4.0;
				TARGETED_DEVICE_FAMILY = "1,2";
			};
			name = Release;
		};
/* End XCBuildConfiguration section */

/* Begin XCConfigurationList section */
		CEC186F2207638D2008E791C /* Build configuration list for PBXProject "FlawlessNavigation" */ = {
			isa = XCConfigurationList;
			buildConfigurations = (
				CEC18707207638D2008E791C /* Debug */,
				CEC18708207638D2008E791C /* Release */,
			);
			defaultConfigurationIsVisible = 0;
			defaultConfigurationName = Release;
		};
		CEC18709207638D2008E791C /* Build configuration list for PBXNativeTarget "FlawlessNavigation" */ = {
			isa = XCConfigurationList;
			buildConfigurations = (
				CEC1870A207638D2008E791C /* Debug */,
				CEC1870B207638D2008E791C /* Release */,
			);
			defaultConfigurationIsVisible = 0;
			defaultConfigurationName = Release;
		};
/* End XCConfigurationList section */
	};
	rootObject = CEC186EF207638D2008E791C /* Project object */;
}
